// !$*UTF8*$!
{
	archiveVersion = 1;
	classes = {
	};
	objectVersion = 56;
	objects = {

/* Begin PBXBuildFile section */
		8B198D3E2933045F00C31ACF /* TestMultiDatePickerApp.swift in Sources */ = {isa = PBXBuildFile; fileRef = 8B198D3D2933045F00C31ACF /* TestMultiDatePickerApp.swift */; };
		8B198D402933045F00C31ACF /* TestMainView.swift in Sources */ = {isa = PBXBuildFile; fileRef = 8B198D3F2933045F00C31ACF /* TestMainView.swift */; };
		8B198D422933046200C31ACF /* Assets.xcassets in Resources */ = {isa = PBXBuildFile; fileRef = 8B198D412933046200C31ACF /* Assets.xcassets */; };
		8B198D452933046200C31ACF /* Preview Assets.xcassets in Resources */ = {isa = PBXBuildFile; fileRef = 8B198D442933046200C31ACF /* Preview Assets.xcassets */; };
		8B198D4C293304B200C31ACF /* TestMultiDatePickerView1.swift in Sources */ = {isa = PBXBuildFile; fileRef = 8B198D4B293304B200C31ACF /* TestMultiDatePickerView1.swift */; };
		8B198D4E293309B500C31ACF /* TestMultiDatePickerView2.swift in Sources */ = {isa = PBXBuildFile; fileRef = 8B198D4D293309B500C31ACF /* TestMultiDatePickerView2.swift */; };
/* End PBXBuildFile section */

/* Begin PBXFileReference section */
		8B198D3A2933045F00C31ACF /* TestMultiDatePicker.app */ = {isa = PBXFileReference; explicitFileType = wrapper.application; includeInIndex = 0; path = TestMultiDatePicker.app; sourceTree = BUILT_PRODUCTS_DIR; };
		8B198D3D2933045F00C31ACF /* TestMultiDatePickerApp.swift */ = {isa = PBXFileReference; lastKnownFileType = sourcecode.swift; path = TestMultiDatePickerApp.swift; sourceTree = "<group>"; };
		8B198D3F2933045F00C31ACF /* TestMainView.swift */ = {isa = PBXFileReference; lastKnownFileType = sourcecode.swift; path = TestMainView.swift; sourceTree = "<group>"; };
		8B198D412933046200C31ACF /* Assets.xcassets */ = {isa = PBXFileReference; lastKnownFileType = folder.assetcatalog; path = Assets.xcassets; sourceTree = "<group>"; };
		8B198D442933046200C31ACF /* Preview Assets.xcassets */ = {isa = PBXFileReference; lastKnownFileType = folder.assetcatalog; path = "Preview Assets.xcassets"; sourceTree = "<group>"; };
		8B198D4B293304B200C31ACF /* TestMultiDatePickerView1.swift */ = {isa = PBXFileReference; lastKnownFileType = sourcecode.swift; path = TestMultiDatePickerView1.swift; sourceTree = "<group>"; };
		8B198D4D293309B500C31ACF /* TestMultiDatePickerView2.swift */ = {isa = PBXFileReference; lastKnownFileType = sourcecode.swift; path = TestMultiDatePickerView2.swift; sourceTree = "<group>"; };
/* End PBXFileReference section */

/* Begin PBXFrameworksBuildPhase section */
		8B198D372933045F00C31ACF /* Frameworks */ = {
			isa = PBXFrameworksBuildPhase;
			buildActionMask = 2147483647;
			files = (
			);
			runOnlyForDeploymentPostprocessing = 0;
		};
/* End PBXFrameworksBuildPhase section */

/* Begin PBXGroup section */
		8B198D312933045F00C31ACF = {
			isa = PBXGroup;
			children = (
				8B198D3C2933045F00C31ACF /* TestMultiDatePicker */,
				8B198D3B2933045F00C31ACF /* Products */,
			);
			sourceTree = "<group>";
		};
		8B198D3B2933045F00C31ACF /* Products */ = {
			isa = PBXGroup;
			children = (
				8B198D3A2933045F00C31ACF /* TestMultiDatePicker.app */,
			);
			name = Products;
			sourceTree = "<group>";
		};
		8B198D3C2933045F00C31ACF /* TestMultiDatePicker */ = {
			isa = PBXGroup;
			children = (
				8B198D3D2933045F00C31ACF /* TestMultiDatePickerApp.swift */,
				8B198D3F2933045F00C31ACF /* TestMainView.swift */,
				8B198D412933046200C31ACF /* Assets.xcassets */,
				8B198D432933046200C31ACF /* Preview Content */,
				8B198D4B293304B200C31ACF /* TestMultiDatePickerView1.swift */,
				8B198D4D293309B500C31ACF /* TestMultiDatePickerView2.swift */,
			);
			path = TestMultiDatePicker;
			sourceTree = "<group>";
		};
		8B198D432933046200C31ACF /* Preview Content */ = {
			isa = PBXGroup;
			children = (
				8B198D442933046200C31ACF /* Preview Assets.xcassets */,
			);
			path = "Preview Content";
			sourceTree = "<group>";
		};
/* End PBXGroup section */

/* Begin PBXNativeTarget section */
		8B198D392933045F00C31ACF /* TestMultiDatePicker */ = {
			isa = PBXNativeTarget;
			buildConfigurationList = 8B198D482933046200C31ACF /* Build configuration list for PBXNativeTarget "TestMultiDatePicker" */;
			buildPhases = (
				8B198D362933045F00C31ACF /* Sources */,
				8B198D372933045F00C31ACF /* Frameworks */,
				8B198D382933045F00C31ACF /* Resources */,
			);
			buildRules = (
			);
			dependencies = (
			);
			name = TestMultiDatePicker;
			productName = TestMultiDatePicker;
			productReference = 8B198D3A2933045F00C31ACF /* TestMultiDatePicker.app */;
			productType = "com.apple.product-type.application";
		};
/* End PBXNativeTarget section */

/* Begin PBXProject section */
		8B198D322933045F00C31ACF /* Project object */ = {
			isa = PBXProject;
			attributes = {
				BuildIndependentTargetsInParallel = 1;
				LastSwiftUpdateCheck = 1410;
				LastUpgradeCheck = 1410;
				TargetAttributes = {
					8B198D392933045F00C31ACF = {
						CreatedOnToolsVersion = 14.1;
					};
				};
			};
			buildConfigurationList = 8B198D352933045F00C31ACF /* Build configuration list for PBXProject "TestMultiDatePicker" */;
			compatibilityVersion = "Xcode 14.0";
			developmentRegion = en;
			hasScannedForEncodings = 0;
			knownRegions = (
				en,
				Base,
			);
			mainGroup = 8B198D312933045F00C31ACF;
			productRefGroup = 8B198D3B2933045F00C31ACF /* Products */;
			projectDirPath = "";
			projectRoot = "";
			targets = (
				8B198D392933045F00C31ACF /* TestMultiDatePicker */,
			);
		};
/* End PBXProject section */

/* Begin PBXResourcesBuildPhase section */
		8B198D382933045F00C31ACF /* Resources */ = {
			isa = PBXResourcesBuildPhase;
			buildActionMask = 2147483647;
			files = (
				8B198D452933046200C31ACF /* Preview Assets.xcassets in Resources */,
				8B198D422933046200C31ACF /* Assets.xcassets in Resources */,
			);
			runOnlyForDeploymentPostprocessing = 0;
		};
/* End PBXResourcesBuildPhase section */

/* Begin PBXSourcesBuildPhase section */
		8B198D362933045F00C31ACF /* Sources */ = {
			isa = PBXSourcesBuildPhase;
			buildActionMask = 2147483647;
			files = (
				8B198D4C293304B200C31ACF /* TestMultiDatePickerView1.swift in Sources */,
				8B198D4E293309B500C31ACF /* TestMultiDatePickerView2.swift in Sources */,
				8B198D402933045F00C31ACF /* TestMainView.swift in Sources */,
				8B198D3E2933045F00C31ACF /* TestMultiDatePickerApp.swift in Sources */,
			);
			runOnlyForDeploymentPostprocessing = 0;
		};
/* End PBXSourcesBuildPhase section */

/* Begin XCBuildConfiguration section */
		8B198D462933046200C31ACF /* Debug */ = {
			isa = XCBuildConfiguration;
			buildSettings = {
				ALWAYS_SEARCH_USER_PATHS = NO;
				CLANG_ANALYZER_NONNULL = YES;
				CLANG_ANALYZER_NUMBER_OBJECT_CONVERSION = YES_AGGRESSIVE;
				CLANG_CXX_LANGUAGE_STANDARD = "gnu++20";
				CLANG_ENABLE_MODULES = YES;
				CLANG_ENABLE_OBJC_ARC = YES;
				CLANG_ENABLE_OBJC_WEAK = YES;
				CLANG_WARN_BLOCK_CAPTURE_AUTORELEASING = YES;
				CLANG_WARN_BOOL_CONVERSION = YES;
				CLANG_WARN_COMMA = YES;
				CLANG_WARN_CONSTANT_CONVERSION = YES;
				CLANG_WARN_DEPRECATED_OBJC_IMPLEMENTATIONS = YES;
				CLANG_WARN_DIRECT_OBJC_ISA_USAGE = YES_ERROR;
				CLANG_WARN_DOCUMENTATION_COMMENTS = YES;
				CLANG_WARN_EMPTY_BODY = YES;
				CLANG_WARN_ENUM_CONVERSION = YES;
				CLANG_WARN_INFINITE_RECURSION = YES;
				CLANG_WARN_INT_CONVERSION = YES;
				CLANG_WARN_NON_LITERAL_NULL_CONVERSION = YES;
				CLANG_WARN_OBJC_IMPLICIT_RETAIN_SELF = YES;
				CLANG_WARN_OBJC_LITERAL_CONVERSION = YES;
				CLANG_WARN_OBJC_ROOT_CLASS = YES_ERROR;
				CLANG_WARN_QUOTED_INCLUDE_IN_FRAMEWORK_HEADER = YES;
				CLANG_WARN_RANGE_LOOP_ANALYSIS = YES;
				CLANG_WARN_STRICT_PROTOTYPES = YES;
				CLANG_WARN_SUSPICIOUS_MOVE = YES;
				CLANG_WARN_UNGUARDED_AVAILABILITY = YES_AGGRESSIVE;
				CLANG_WARN_UNREACHABLE_CODE = YES;
				CLANG_WARN__DUPLICATE_METHOD_MATCH = YES;
				COPY_PHASE_STRIP = NO;
				DEBUG_INFORMATION_FORMAT = dwarf;
				ENABLE_STRICT_OBJC_MSGSEND = YES;
				ENABLE_TESTABILITY = YES;
				GCC_C_LANGUAGE_STANDARD = gnu11;
				GCC_DYNAMIC_NO_PIC = NO;
				GCC_NO_COMMON_BLOCKS = YES;
				GCC_OPTIMIZATION_LEVEL = 0;
				GCC_PREPROCESSOR_DEFINITIONS = (
					"DEBUG=1",
					"$(inherited)",
				);
				GCC_WARN_64_TO_32_BIT_CONVERSION = YES;
				GCC_WARN_ABOUT_RETURN_TYPE = YES_ERROR;
				GCC_WARN_UNDECLARED_SELECTOR = YES;
				GCC_WARN_UNINITIALIZED_AUTOS = YES_AGGRESSIVE;
				GCC_WARN_UNUSED_FUNCTION = YES;
				GCC_WARN_UNUSED_VARIABLE = YES;
				IPHONEOS_DEPLOYMENT_TARGET = 16.1;
				MTL_ENABLE_DEBUG_INFO = INCLUDE_SOURCE;
				MTL_FAST_MATH = YES;
				ONLY_ACTIVE_ARCH = YES;
				SDKROOT = iphoneos;
				SWIFT_ACTIVE_COMPILATION_CONDITIONS = DEBUG;
				SWIFT_OPTIMIZATION_LEVEL = "-Onone";
			};
			name = Debug;
		};
		8B198D472933046200C31ACF /* Release */ = {
			isa = XCBuildConfiguration;
			buildSettings = {
				ALWAYS_SEARCH_USER_PATHS = NO;
				CLANG_ANALYZER_NONNULL = YES;
				CLANG_ANALYZER_NUMBER_OBJECT_CONVERSION = YES_AGGRESSIVE;
				CLANG_CXX_LANGUAGE_STANDARD = "gnu++20";
				CLANG_ENABLE_MODULES = YES;
				CLANG_ENABLE_OBJC_ARC = YES;
				CLANG_ENABLE_OBJC_WEAK = YES;
				CLANG_WARN_BLOCK_CAPTURE_AUTORELEASING = YES;
				CLANG_WARN_BOOL_CONVERSION = YES;
				CLANG_WARN_COMMA = YES;
				CLANG_WARN_CONSTANT_CONVERSION = YES;
				CLANG_WARN_DEPRECATED_OBJC_IMPLEMENTATIONS = YES;
				CLANG_WARN_DIRECT_OBJC_ISA_USAGE = YES_ERROR;
				CLANG_WARN_DOCUMENTATION_COMMENTS = YES;
				CLANG_WARN_EMPTY_BODY = YES;
				CLANG_WARN_ENUM_CONVERSION = YES;
				CLANG_WARN_INFINITE_RECURSION = YES;
				CLANG_WARN_INT_CONVERSION = YES;
				CLANG_WARN_NON_LITERAL_NULL_CONVERSION = YES;
				CLANG_WARN_OBJC_IMPLICIT_RETAIN_SELF = YES;
				CLANG_WARN_OBJC_LITERAL_CONVERSION = YES;
				CLANG_WARN_OBJC_ROOT_CLASS = YES_ERROR;
				CLANG_WARN_QUOTED_INCLUDE_IN_FRAMEWORK_HEADER = YES;
				CLANG_WARN_RANGE_LOOP_ANALYSIS = YES;
				CLANG_WARN_STRICT_PROTOTYPES = YES;
				CLANG_WARN_SUSPICIOUS_MOVE = YES;
				CLANG_WARN_UNGUARDED_AVAILABILITY = YES_AGGRESSIVE;
				CLANG_WARN_UNREACHABLE_CODE = YES;
				CLANG_WARN__DUPLICATE_METHOD_MATCH = YES;
				COPY_PHASE_STRIP = NO;
				DEBUG_INFORMATION_FORMAT = "dwarf-with-dsym";
				ENABLE_NS_ASSERTIONS = NO;
				ENABLE_STRICT_OBJC_MSGSEND = YES;
				GCC_C_LANGUAGE_STANDARD = gnu11;
				GCC_NO_COMMON_BLOCKS = YES;
				GCC_WARN_64_TO_32_BIT_CONVERSION = YES;
				GCC_WARN_ABOUT_RETURN_TYPE = YES_ERROR;
				GCC_WARN_UNDECLARED_SELECTOR = YES;
				GCC_WARN_UNINITIALIZED_AUTOS = YES_AGGRESSIVE;
				GCC_WARN_UNUSED_FUNCTION = YES;
				GCC_WARN_UNUSED_VARIABLE = YES;
				IPHONEOS_DEPLOYMENT_TARGET = 16.1;
				MTL_ENABLE_DEBUG_INFO = NO;
				MTL_FAST_MATH = YES;
				SDKROOT = iphoneos;
				SWIFT_COMPILATION_MODE = wholemodule;
				SWIFT_OPTIMIZATION_LEVEL = "-O";
				VALIDATE_PRODUCT = YES;
			};
			name = Release;
		};
		8B198D492933046200C31ACF /* Debug */ = {
			isa = XCBuildConfiguration;
			buildSettings = {
				ASSETCATALOG_COMPILER_APPICON_NAME = AppIcon;
				ASSETCATALOG_COMPILER_GLOBAL_ACCENT_COLOR_NAME = AccentColor;
				CODE_SIGN_STYLE = Automatic;
				CURRENT_PROJECT_VERSION = 1;
				DEVELOPMENT_ASSET_PATHS = "\"TestMultiDatePicker/Preview Content\"";
				ENABLE_PREVIEWS = YES;
				GENERATE_INFOPLIST_FILE = YES;
				INFOPLIST_KEY_UIApplicationSceneManifest_Generation = YES;
				INFOPLIST_KEY_UIApplicationSupportsIndirectInputEvents = YES;
				INFOPLIST_KEY_UILaunchScreen_Generation = YES;
				INFOPLIST_KEY_UISupportedInterfaceOrientations_iPad = "UIInterfaceOrientationPortrait UIInterfaceOrientationPortraitUpsideDown UIInterfaceOrientationLandscapeLeft UIInterfaceOrientationLandscapeRight";
				INFOPLIST_KEY_UISupportedInterfaceOrientations_iPhone = "UIInterfaceOrientationPortrait UIInterfaceOrientationLandscapeLeft UIInterfaceOrientationLandscapeRight";
				LD_RUNPATH_SEARCH_PATHS = (
					"$(inherited)",
					"@executable_path/Frameworks",
				);
				MARKETING_VERSION = 1.0;
				PRODUCT_BUNDLE_IDENTIFIER = swift.fytx.com.TestMultiDatePicker;
				PRODUCT_NAME = "$(TARGET_NAME)";
				SWIFT_EMIT_LOC_STRINGS = YES;
				SWIFT_VERSION = 5.0;
				TARGETED_DEVICE_FAMILY = "1,2";
			};
			name = Debug;
		};
		8B198D4A2933046200C31ACF /* Release */ = {
			isa = XCBuildConfiguration;
			buildSettings = {
				ASSETCATALOG_COMPILER_APPICON_NAME = AppIcon;
				ASSETCATALOG_COMPILER_GLOBAL_ACCENT_COLOR_NAME = AccentColor;
				CODE_SIGN_STYLE = Automatic;
				CURRENT_PROJECT_VERSION = 1;
				DEVELOPMENT_ASSET_PATHS = "\"TestMultiDatePicker/Preview Content\"";
				ENABLE_PREVIEWS = YES;
				GENERATE_INFOPLIST_FILE = YES;
				INFOPLIST_KEY_UIApplicationSceneManifest_Generation = YES;
				INFOPLIST_KEY_UIApplicationSupportsIndirectInputEvents = YES;
				INFOPLIST_KEY_UILaunchScreen_Generation = YES;
				INFOPLIST_KEY_UISupportedInterfaceOrientations_iPad = "UIInterfaceOrientationPortrait UIInterfaceOrientationPortraitUpsideDown UIInterfaceOrientationLandscapeLeft UIInterfaceOrientationLandscapeRight";
				INFOPLIST_KEY_UISupportedInterfaceOrientations_iPhone = "UIInterfaceOrientationPortrait UIInterfaceOrientationLandscapeLeft UIInterfaceOrientationLandscapeRight";
				LD_RUNPATH_SEARCH_PATHS = (
					"$(inherited)",
					"@executable_path/Frameworks",
				);
				MARKETING_VERSION = 1.0;
				PRODUCT_BUNDLE_IDENTIFIER = swift.fytx.com.TestMultiDatePicker;
				PRODUCT_NAME = "$(TARGET_NAME)";
				SWIFT_EMIT_LOC_STRINGS = YES;
				SWIFT_VERSION = 5.0;
				TARGETED_DEVICE_FAMILY = "1,2";
			};
			name = Release;
		};
/* End XCBuildConfiguration section */

/* Begin XCConfigurationList section */
		8B198D352933045F00C31ACF /* Build configuration list for PBXProject "TestMultiDatePicker" */ = {
			isa = XCConfigurationList;
			buildConfigurations = (
				8B198D462933046200C31ACF /* Debug */,
				8B198D472933046200C31ACF /* Release */,
			);
			defaultConfigurationIsVisible = 0;
			defaultConfigurationName = Release;
		};
		8B198D482933046200C31ACF /* Build configuration list for PBXNativeTarget "TestMultiDatePicker" */ = {
			isa = XCConfigurationList;
			buildConfigurations = (
				8B198D492933046200C31ACF /* Debug */,
				8B198D4A2933046200C31ACF /* Release */,
			);
			defaultConfigurationIsVisible = 0;
			defaultConfigurationName = Release;
		};
/* End XCConfigurationList section */
	};
	rootObject = 8B198D322933045F00C31ACF /* Project object */;
}
